
Microsoft Visual Studio Solution File, Format Version 12.00
# Visual Studio Version 17
VisualStudioVersion = 17.9.34310.174
MinimumVisualStudioVersion = 10.0.40219.1
Project("{9A19103F-16F7-4668-BE54-9A1E7A4F7556}") = "FaceBot.WebApi", "src\FaceBot.WebApi\FaceBot.WebApi.csproj", "{95E4640D-25D2-4221-82FE-7108BDF93AD0}"
EndProject
Global
	GlobalSection(SolutionConfigurationPlatforms) = preSolution
		Debug|Any CPU = Debug|Any CPU
		Release|Any CPU = Release|Any CPU
	EndGlobalSection
	GlobalSection(ProjectConfigurationPlatforms) = postSolution
		{95E4640D-25D2-4221-82FE-7108BDF93AD0}.Debug|Any CPU.ActiveCfg = Debug|Any CPU
		{95E4640D-25D2-4221-82FE-7108BDF93AD0}.Debug|Any CPU.Build.0 = Debug|Any CPU
		{95E4640D-25D2-4221-82FE-7108BDF93AD0}.Release|Any CPU.ActiveCfg = Release|Any CPU
		{95E4640D-25D2-4221-82FE-7108BDF93AD0}.Release|Any CPU.Build.0 = Release|Any CPU
	EndGlobalSection
	GlobalSection(SolutionProperties) = preSolution
		HideSolutionNode = FALSE
	EndGlobalSection
	GlobalSection(ExtensibilityGlobals) = postSolution
		SolutionGuid = {B0DEB02D-930E-4D81-B55E-10C6A785ECC0}
	EndGlobalSection
EndGlobal
